{
  "version": "5",
  "specifiers": {
    "jsr:@hono/hono@^4.12.31": "4.12.31",
    "jsr:@std/dotenv@*": "0.225.7"
  },
  "jsr": {
    "@hono/hono@4.12.31": {
      "integrity": "6a31d6811a4e217ab7c59655e68f881372c39e191ace73e4aeed02fc1227185d"
    },
    "@std/dotenv@0.225.3": {
      "integrity": "a95e5b812c27b0854c52acbae215856d9cce9d4bbf774d938c51d212711e8d4a"
    },
    "@std/dotenv@0.225.7": {
      "integrity": "11d8db03ca4ad5aba9eba809f2e8058b2a4f320b7b09fea4b360e162928329e3"
    }
  },
  "workspace": {
    "dependencies": [
      "jsr:@hono/hono@^4.12.31"
    ]
  }
}
